
Microsoft Visual Studio Solution File, Format Version 12.00
# Visual Studio 15
VisualStudioVersion = 15.0.27428.2043
MinimumVisualStudioVersion = 10.0.40219.1
Project("{FAE04EC0-301F-11D3-BF4B-00C04F79EFBC}") = "STVRogue", "STVRogue.csproj", "{8342123C-972A-4273-A3AF-94A12674445B}"
EndProject
Project("{2150E333-8FDC-42A3-9474-1A3956D46DE8}") = "Solution Items", "Solution Items", "{57A9196C-1040-4FB0-A388-BC7ED1FCFFB8}"
EndProject
Project("{FAE04EC0-301F-11D3-BF4B-00C04F79EFBC}") = "WindowsFormsApp1", "WindowsFormsApp1\WindowsFormsApp1.csproj", "{A480EC08-DC13-4D8B-AA57-69F3EF2E0F39}"
EndProject
Project("{FAE04EC0-301F-11D3-BF4B-00C04F79EFBC}") = "UnitTests", "..\UnitTests\UnitTests.csproj", "{FD9B4044-A2A3-4B42-A848-D00DE178DF9D}"
EndProject
Global
	GlobalSection(SolutionConfigurationPlatforms) = preSolution
		Debug|Any CPU = Debug|Any CPU
		Release|Any CPU = Release|Any CPU
	EndGlobalSection
	GlobalSection(ProjectConfigurationPlatforms) = postSolution
		{8342123C-972A-4273-A3AF-94A12674445B}.Debug|Any CPU.ActiveCfg = Debug|Any CPU
		{8342123C-972A-4273-A3AF-94A12674445B}.Debug|Any CPU.Build.0 = Debug|Any CPU
		{8342123C-972A-4273-A3AF-94A12674445B}.Release|Any CPU.ActiveCfg = Release|Any CPU
		{8342123C-972A-4273-A3AF-94A12674445B}.Release|Any CPU.Build.0 = Release|Any CPU
		{A480EC08-DC13-4D8B-AA57-69F3EF2E0F39}.Debug|Any CPU.ActiveCfg = Debug|Any CPU
		{A480EC08-DC13-4D8B-AA57-69F3EF2E0F39}.Debug|Any CPU.Build.0 = Debug|Any CPU
		{A480EC08-DC13-4D8B-AA57-69F3EF2E0F39}.Release|Any CPU.ActiveCfg = Release|Any CPU
		{A480EC08-DC13-4D8B-AA57-69F3EF2E0F39}.Release|Any CPU.Build.0 = Release|Any CPU
		{FD9B4044-A2A3-4B42-A848-D00DE178DF9D}.Debug|Any CPU.ActiveCfg = Debug|Any CPU
		{FD9B4044-A2A3-4B42-A848-D00DE178DF9D}.Debug|Any CPU.Build.0 = Debug|Any CPU
		{FD9B4044-A2A3-4B42-A848-D00DE178DF9D}.Release|Any CPU.ActiveCfg = Release|Any CPU
		{FD9B4044-A2A3-4B42-A848-D00DE178DF9D}.Release|Any CPU.Build.0 = Release|Any CPU
	EndGlobalSection
	GlobalSection(SolutionProperties) = preSolution
		HideSolutionNode = FALSE
	EndGlobalSection
	GlobalSection(ExtensibilityGlobals) = postSolution
		SolutionGuid = {D2DC6DBF-0C24-4BF3-9385-34AF007853D0}
	EndGlobalSection
EndGlobal
